// !$*UTF8*$!
{
	archiveVersion = 1;
	classes = {
	};
	objectVersion = 54;
	objects = {

/* Begin PBXBuildFile section */
		2E1E9F7D27515D430087006E /* UIViewController+Extensions.swift in Sources */ = {isa = PBXBuildFile; fileRef = 2E1E9F7C27515D430087006E /* UIViewController+Extensions.swift */; };
		2E1E9F7F27515D810087006E /* UIColor+Extensions.swift in Sources */ = {isa = PBXBuildFile; fileRef = 2E1E9F7E27515D810087006E /* UIColor+Extensions.swift */; };
		2EAD942A2B2BC27600C68F87 /* Network.Controller.swift in Sources */ = {isa = PBXBuildFile; fileRef = 2EAD94292B2BC27600C68F87 /* Network.Controller.swift */; };
		2EAD942C2B2BC28700C68F87 /* Performance.Controller.swift in Sources */ = {isa = PBXBuildFile; fileRef = 2EAD942B2B2BC28700C68F87 /* Performance.Controller.swift */; };
		2EAD94302B2BC2D000C68F87 /* Resources.Controller.swift in Sources */ = {isa = PBXBuildFile; fileRef = 2EAD942F2B2BC2D000C68F87 /* Resources.Controller.swift */; };
		2EAD94332B2BC2EE00C68F87 /* Interface.Controller.swift in Sources */ = {isa = PBXBuildFile; fileRef = 2EAD94322B2BC2EE00C68F87 /* Interface.Controller.swift */; };
		2EAD94362B2BC30C00C68F87 /* App.Controller.swift in Sources */ = {isa = PBXBuildFile; fileRef = 2EAD94352B2BC30C00C68F87 /* App.Controller.swift */; };
		2EAD94382B2BCF1700C68F87 /* Network.Cell.swift in Sources */ = {isa = PBXBuildFile; fileRef = 2EAD94372B2BCF1700C68F87 /* Network.Cell.swift */; };
		2EAD943A2B2BCF7E00C68F87 /* Network.Model.swift in Sources */ = {isa = PBXBuildFile; fileRef = 2EAD94392B2BCF7E00C68F87 /* Network.Model.swift */; };
		2EAD943C2B2BD9C000C68F87 /* Network.Controller.Detail.swift in Sources */ = {isa = PBXBuildFile; fileRef = 2EAD943B2B2BD9C000C68F87 /* Network.Controller.Detail.swift */; };
		2EAD943E2B2BF79E00C68F87 /* Network.Cell.Detail.swift in Sources */ = {isa = PBXBuildFile; fileRef = 2EAD943D2B2BF79E00C68F87 /* Network.Cell.Detail.swift */; };
		2EAD94422B2C973700C68F87 /* HTTP.Datasource.swift in Sources */ = {isa = PBXBuildFile; fileRef = 2EAD94412B2C973700C68F87 /* HTTP.Datasource.swift */; };
		2EAD94442B2C975900C68F87 /* HTTP.Model.swift in Sources */ = {isa = PBXBuildFile; fileRef = 2EAD94432B2C975900C68F87 /* HTTP.Model.swift */; };
		2EAD94462B2C981100C68F87 /* NetworkHelper.swift in Sources */ = {isa = PBXBuildFile; fileRef = 2EAD94452B2C981100C68F87 /* NetworkHelper.swift */; };
		2EAD94492B2C985100C68F87 /* NetworkDetailModel.swift in Sources */ = {isa = PBXBuildFile; fileRef = 2EAD94482B2C985100C68F87 /* NetworkDetailModel.swift */; };
		2EAD944B2B2C9AA000C68F87 /* Network.ViewModel.swift in Sources */ = {isa = PBXBuildFile; fileRef = 2EAD944A2B2C9AA000C68F87 /* Network.ViewModel.swift */; };
		2EAD944E2B2C9FEE00C68F87 /* UIViewController+.swift in Sources */ = {isa = PBXBuildFile; fileRef = 2EAD944D2B2C9FEE00C68F87 /* UIViewController+.swift */; };
		2EAD94532B2CA23000C68F87 /* CacheStoragePolicy.swift in Sources */ = {isa = PBXBuildFile; fileRef = 2EAD94522B2CA23000C68F87 /* CacheStoragePolicy.swift */; };
		2EAD94552B2CA24900C68F87 /* CanonicalRequest.swift in Sources */ = {isa = PBXBuildFile; fileRef = 2EAD94542B2CA24900C68F87 /* CanonicalRequest.swift */; };
		2EAD94572B2CA4FF00C68F87 /* HTTPProtocol.swift in Sources */ = {isa = PBXBuildFile; fileRef = 2EAD94562B2CA4FF00C68F87 /* HTTPProtocol.swift */; };
		2EAD94592B2CAF1400C68F87 /* ErrorHelper.swift in Sources */ = {isa = PBXBuildFile; fileRef = 2EAD94582B2CAF1400C68F87 /* ErrorHelper.swift */; };
		2EAD945B2B2CBEF900C68F87 /* Dictionary+.swift in Sources */ = {isa = PBXBuildFile; fileRef = 2EAD945A2B2CBEF900C68F87 /* Dictionary+.swift */; };
		2EAD945D2B2CBF0600C68F87 /* Data+.swift in Sources */ = {isa = PBXBuildFile; fileRef = 2EAD945C2B2CBF0600C68F87 /* Data+.swift */; };
		2EAD945F2B2CBF7700C68F87 /* Date+.swift in Sources */ = {isa = PBXBuildFile; fileRef = 2EAD945E2B2CBF7700C68F87 /* Date+.swift */; };
		2EAD94612B2CBFE000C68F87 /* HTTPProtocolDelegate.swift in Sources */ = {isa = PBXBuildFile; fileRef = 2EAD94602B2CBFE000C68F87 /* HTTPProtocolDelegate.swift */; };
		2EAD94632B2CBFEC00C68F87 /* ThreadOperator.swift in Sources */ = {isa = PBXBuildFile; fileRef = 2EAD94622B2CBFEC00C68F87 /* ThreadOperator.swift */; };
		2EAD94652B2CC01100C68F87 /* HTTPURLResponse+.swift in Sources */ = {isa = PBXBuildFile; fileRef = 2EAD94642B2CC01100C68F87 /* HTTPURLResponse+.swift */; };
		2EAD94672B2CC02400C68F87 /* URLCache+.swift in Sources */ = {isa = PBXBuildFile; fileRef = 2EAD94662B2CC02400C68F87 /* URLCache+.swift */; };
		2EAD94692B2CC03200C68F87 /* ApplicationDirectories.swift in Sources */ = {isa = PBXBuildFile; fileRef = 2EAD94682B2CC03200C68F87 /* ApplicationDirectories.swift */; };
		2EAD946B2B2CC04900C68F87 /* Debug.swift in Sources */ = {isa = PBXBuildFile; fileRef = 2EAD946A2B2CC04900C68F87 /* Debug.swift */; };
		2EAD946D2B2CC05A00C68F87 /* InputStream+.swift in Sources */ = {isa = PBXBuildFile; fileRef = 2EAD946C2B2CC05A00C68F87 /* InputStream+.swift */; };
		2EAD94702B2CD1E300C68F87 /* UIImage+.swift in Sources */ = {isa = PBXBuildFile; fileRef = 2EAD946F2B2CD1E300C68F87 /* UIImage+.swift */; };
		2EAD94732B2CD67600C68F87 /* Resources.Files.Controller.swift in Sources */ = {isa = PBXBuildFile; fileRef = 2EAD94722B2CD67600C68F87 /* Resources.Files.Controller.swift */; };
		2EAD94752B2CDBAB00C68F87 /* UITableViewCell+.swift in Sources */ = {isa = PBXBuildFile; fileRef = 2EAD94742B2CDBAB00C68F87 /* UITableViewCell+.swift */; };
		2EAD94772B2CE1BE00C68F87 /* FileManaging.swift in Sources */ = {isa = PBXBuildFile; fileRef = 2EAD94762B2CE1BE00C68F87 /* FileManaging.swift */; };
		2EAD94792B2CE75A00C68F87 /* Bundle+.swift in Sources */ = {isa = PBXBuildFile; fileRef = 2EAD94782B2CE75A00C68F87 /* Bundle+.swift */; };
		69C314A120CFC27700213861 /* AppDelegate.swift in Sources */ = {isa = PBXBuildFile; fileRef = 69C314A020CFC27700213861 /* AppDelegate.swift */; };
		69C314A320CFC27700213861 /* ViewController.swift in Sources */ = {isa = PBXBuildFile; fileRef = 69C314A220CFC27700213861 /* ViewController.swift */; };
		69C314A820CFC27900213861 /* Assets.xcassets in Resources */ = {isa = PBXBuildFile; fileRef = 69C314A720CFC27900213861 /* Assets.xcassets */; };
		69C314AB20CFC27900213861 /* LaunchScreen.storyboard in Resources */ = {isa = PBXBuildFile; fileRef = 69C314A920CFC27900213861 /* LaunchScreen.storyboard */; };
		69C314B520CFC9F300213861 /* TabBarController.swift in Sources */ = {isa = PBXBuildFile; fileRef = 69C314B420CFC9F300213861 /* TabBarController.swift */; };
		69C314B720CFCAED00213861 /* FloatViewManager.swift in Sources */ = {isa = PBXBuildFile; fileRef = 69C314B620CFCAED00213861 /* FloatViewManager.swift */; };
		69C314B920CFCCEB00213861 /* CurrentTopController.swift in Sources */ = {isa = PBXBuildFile; fileRef = 69C314B820CFCCEB00213861 /* CurrentTopController.swift */; };
		69C314BD20CFD28D00213861 /* FloatChat+DesignSystem.swift in Sources */ = {isa = PBXBuildFile; fileRef = 69C314BC20CFD28D00213861 /* FloatChat+DesignSystem.swift */; };
		69C314C020CFE05800213861 /* TransitionPush.swift in Sources */ = {isa = PBXBuildFile; fileRef = 69C314BF20CFE05800213861 /* TransitionPush.swift */; };
		69C314C220CFE06D00213861 /* TransitionPop.swift in Sources */ = {isa = PBXBuildFile; fileRef = 69C314C120CFE06D00213861 /* TransitionPop.swift */; };
		69C314C720D116CA00213861 /* BottomFloatView.swift in Sources */ = {isa = PBXBuildFile; fileRef = 69C314C620D116CA00213861 /* BottomFloatView.swift */; };
		69C314C920D22F7900213861 /* FloatBallView.swift in Sources */ = {isa = PBXBuildFile; fileRef = 69C314C820D22F7900213861 /* FloatBallView.swift */; };
/* End PBXBuildFile section */

/* Begin PBXFileReference section */
		2E1E9F7C27515D430087006E /* UIViewController+Extensions.swift */ = {isa = PBXFileReference; lastKnownFileType = sourcecode.swift; path = "UIViewController+Extensions.swift"; sourceTree = "<group>"; };
		2E1E9F7E27515D810087006E /* UIColor+Extensions.swift */ = {isa = PBXFileReference; lastKnownFileType = sourcecode.swift; path = "UIColor+Extensions.swift"; sourceTree = "<group>"; };
		2EAD94292B2BC27600C68F87 /* Network.Controller.swift */ = {isa = PBXFileReference; lastKnownFileType = sourcecode.swift; path = Network.Controller.swift; sourceTree = "<group>"; };
		2EAD942B2B2BC28700C68F87 /* Performance.Controller.swift */ = {isa = PBXFileReference; lastKnownFileType = sourcecode.swift; path = Performance.Controller.swift; sourceTree = "<group>"; };
		2EAD942F2B2BC2D000C68F87 /* Resources.Controller.swift */ = {isa = PBXFileReference; lastKnownFileType = sourcecode.swift; path = Resources.Controller.swift; sourceTree = "<group>"; };
		2EAD94322B2BC2EE00C68F87 /* Interface.Controller.swift */ = {isa = PBXFileReference; lastKnownFileType = sourcecode.swift; path = Interface.Controller.swift; sourceTree = "<group>"; };
		2EAD94352B2BC30C00C68F87 /* App.Controller.swift */ = {isa = PBXFileReference; lastKnownFileType = sourcecode.swift; path = App.Controller.swift; sourceTree = "<group>"; };
		2EAD94372B2BCF1700C68F87 /* Network.Cell.swift */ = {isa = PBXFileReference; lastKnownFileType = sourcecode.swift; path = Network.Cell.swift; sourceTree = "<group>"; };
		2EAD94392B2BCF7E00C68F87 /* Network.Model.swift */ = {isa = PBXFileReference; lastKnownFileType = sourcecode.swift; path = Network.Model.swift; sourceTree = "<group>"; };
		2EAD943B2B2BD9C000C68F87 /* Network.Controller.Detail.swift */ = {isa = PBXFileReference; lastKnownFileType = sourcecode.swift; path = Network.Controller.Detail.swift; sourceTree = "<group>"; };
		2EAD943D2B2BF79E00C68F87 /* Network.Cell.Detail.swift */ = {isa = PBXFileReference; lastKnownFileType = sourcecode.swift; path = Network.Cell.Detail.swift; sourceTree = "<group>"; };
		2EAD94412B2C973700C68F87 /* HTTP.Datasource.swift */ = {isa = PBXFileReference; lastKnownFileType = sourcecode.swift; path = HTTP.Datasource.swift; sourceTree = "<group>"; };
		2EAD94432B2C975900C68F87 /* HTTP.Model.swift */ = {isa = PBXFileReference; lastKnownFileType = sourcecode.swift; path = HTTP.Model.swift; sourceTree = "<group>"; };
		2EAD94452B2C981100C68F87 /* NetworkHelper.swift */ = {isa = PBXFileReference; lastKnownFileType = sourcecode.swift; path = NetworkHelper.swift; sourceTree = "<group>"; };
		2EAD94482B2C985100C68F87 /* NetworkDetailModel.swift */ = {isa = PBXFileReference; lastKnownFileType = sourcecode.swift; path = NetworkDetailModel.swift; sourceTree = "<group>"; };
		2EAD944A2B2C9AA000C68F87 /* Network.ViewModel.swift */ = {isa = PBXFileReference; lastKnownFileType = sourcecode.swift; path = Network.ViewModel.swift; sourceTree = "<group>"; };
		2EAD944D2B2C9FEE00C68F87 /* UIViewController+.swift */ = {isa = PBXFileReference; lastKnownFileType = sourcecode.swift; path = "UIViewController+.swift"; sourceTree = "<group>"; };
		2EAD94522B2CA23000C68F87 /* CacheStoragePolicy.swift */ = {isa = PBXFileReference; lastKnownFileType = sourcecode.swift; path = CacheStoragePolicy.swift; sourceTree = "<group>"; };
		2EAD94542B2CA24900C68F87 /* CanonicalRequest.swift */ = {isa = PBXFileReference; lastKnownFileType = sourcecode.swift; path = CanonicalRequest.swift; sourceTree = "<group>"; };
		2EAD94562B2CA4FF00C68F87 /* HTTPProtocol.swift */ = {isa = PBXFileReference; lastKnownFileType = sourcecode.swift; path = HTTPProtocol.swift; sourceTree = "<group>"; };
		2EAD94582B2CAF1400C68F87 /* ErrorHelper.swift */ = {isa = PBXFileReference; lastKnownFileType = sourcecode.swift; path = ErrorHelper.swift; sourceTree = "<group>"; };
		2EAD945A2B2CBEF900C68F87 /* Dictionary+.swift */ = {isa = PBXFileReference; lastKnownFileType = sourcecode.swift; path = "Dictionary+.swift"; sourceTree = "<group>"; };
		2EAD945C2B2CBF0600C68F87 /* Data+.swift */ = {isa = PBXFileReference; lastKnownFileType = sourcecode.swift; path = "Data+.swift"; sourceTree = "<group>"; };
		2EAD945E2B2CBF7700C68F87 /* Date+.swift */ = {isa = PBXFileReference; lastKnownFileType = sourcecode.swift; path = "Date+.swift"; sourceTree = "<group>"; };
		2EAD94602B2CBFE000C68F87 /* HTTPProtocolDelegate.swift */ = {isa = PBXFileReference; lastKnownFileType = sourcecode.swift; path = HTTPProtocolDelegate.swift; sourceTree = "<group>"; };
		2EAD94622B2CBFEC00C68F87 /* ThreadOperator.swift */ = {isa = PBXFileReference; lastKnownFileType = sourcecode.swift; path = ThreadOperator.swift; sourceTree = "<group>"; };
		2EAD94642B2CC01100C68F87 /* HTTPURLResponse+.swift */ = {isa = PBXFileReference; lastKnownFileType = sourcecode.swift; path = "HTTPURLResponse+.swift"; sourceTree = "<group>"; };
		2EAD94662B2CC02400C68F87 /* URLCache+.swift */ = {isa = PBXFileReference; lastKnownFileType = sourcecode.swift; path = "URLCache+.swift"; sourceTree = "<group>"; };
		2EAD94682B2CC03200C68F87 /* ApplicationDirectories.swift */ = {isa = PBXFileReference; lastKnownFileType = sourcecode.swift; path = ApplicationDirectories.swift; sourceTree = "<group>"; };
		2EAD946A2B2CC04900C68F87 /* Debug.swift */ = {isa = PBXFileReference; lastKnownFileType = sourcecode.swift; path = Debug.swift; sourceTree = "<group>"; };
		2EAD946C2B2CC05A00C68F87 /* InputStream+.swift */ = {isa = PBXFileReference; lastKnownFileType = sourcecode.swift; path = "InputStream+.swift"; sourceTree = "<group>"; };
		2EAD946F2B2CD1E300C68F87 /* UIImage+.swift */ = {isa = PBXFileReference; lastKnownFileType = sourcecode.swift; path = "UIImage+.swift"; sourceTree = "<group>"; };
		2EAD94722B2CD67600C68F87 /* Resources.Files.Controller.swift */ = {isa = PBXFileReference; lastKnownFileType = sourcecode.swift; path = Resources.Files.Controller.swift; sourceTree = "<group>"; };
		2EAD94742B2CDBAB00C68F87 /* UITableViewCell+.swift */ = {isa = PBXFileReference; lastKnownFileType = sourcecode.swift; path = "UITableViewCell+.swift"; sourceTree = "<group>"; };
		2EAD94762B2CE1BE00C68F87 /* FileManaging.swift */ = {isa = PBXFileReference; lastKnownFileType = sourcecode.swift; path = FileManaging.swift; sourceTree = "<group>"; };
		2EAD94782B2CE75A00C68F87 /* Bundle+.swift */ = {isa = PBXFileReference; lastKnownFileType = sourcecode.swift; path = "Bundle+.swift"; sourceTree = "<group>"; };
		69C3149D20CFC27700213861 /* NewCocoaDebug.app */ = {isa = PBXFileReference; explicitFileType = wrapper.application; includeInIndex = 0; path = NewCocoaDebug.app; sourceTree = BUILT_PRODUCTS_DIR; };
		69C314A020CFC27700213861 /* AppDelegate.swift */ = {isa = PBXFileReference; lastKnownFileType = sourcecode.swift; path = AppDelegate.swift; sourceTree = "<group>"; };
		69C314A220CFC27700213861 /* ViewController.swift */ = {isa = PBXFileReference; lastKnownFileType = sourcecode.swift; path = ViewController.swift; sourceTree = "<group>"; };
		69C314A720CFC27900213861 /* Assets.xcassets */ = {isa = PBXFileReference; lastKnownFileType = folder.assetcatalog; path = Assets.xcassets; sourceTree = "<group>"; };
		69C314AA20CFC27900213861 /* Base */ = {isa = PBXFileReference; lastKnownFileType = file.storyboard; name = Base; path = Base.lproj/LaunchScreen.storyboard; sourceTree = "<group>"; };
		69C314AC20CFC27900213861 /* Info.plist */ = {isa = PBXFileReference; lastKnownFileType = text.plist.xml; path = Info.plist; sourceTree = "<group>"; };
		69C314B420CFC9F300213861 /* TabBarController.swift */ = {isa = PBXFileReference; lastKnownFileType = sourcecode.swift; path = TabBarController.swift; sourceTree = "<group>"; };
		69C314B620CFCAED00213861 /* FloatViewManager.swift */ = {isa = PBXFileReference; lastKnownFileType = sourcecode.swift; path = FloatViewManager.swift; sourceTree = "<group>"; };
		69C314B820CFCCEB00213861 /* CurrentTopController.swift */ = {isa = PBXFileReference; lastKnownFileType = sourcecode.swift; path = CurrentTopController.swift; sourceTree = "<group>"; };
		69C314BC20CFD28D00213861 /* FloatChat+DesignSystem.swift */ = {isa = PBXFileReference; lastKnownFileType = sourcecode.swift; path = "FloatChat+DesignSystem.swift"; sourceTree = "<group>"; };
		69C314BF20CFE05800213861 /* TransitionPush.swift */ = {isa = PBXFileReference; lastKnownFileType = sourcecode.swift; path = TransitionPush.swift; sourceTree = "<group>"; };
		69C314C120CFE06D00213861 /* TransitionPop.swift */ = {isa = PBXFileReference; lastKnownFileType = sourcecode.swift; path = TransitionPop.swift; sourceTree = "<group>"; };
		69C314C620D116CA00213861 /* BottomFloatView.swift */ = {isa = PBXFileReference; lastKnownFileType = sourcecode.swift; path = BottomFloatView.swift; sourceTree = "<group>"; };
		69C314C820D22F7900213861 /* FloatBallView.swift */ = {isa = PBXFileReference; lastKnownFileType = sourcecode.swift; path = FloatBallView.swift; sourceTree = "<group>"; };
/* End PBXFileReference section */

/* Begin PBXFrameworksBuildPhase section */
		69C3149A20CFC27600213861 /* Frameworks */ = {
			isa = PBXFrameworksBuildPhase;
			buildActionMask = 2147483647;
			files = (
			);
			runOnlyForDeploymentPostprocessing = 0;
		};
/* End PBXFrameworksBuildPhase section */

/* Begin PBXGroup section */
		2E1E9F7A27515CAC0087006E /* DesignSystem */ = {
			isa = PBXGroup;
			children = (
				69C314BC20CFD28D00213861 /* FloatChat+DesignSystem.swift */,
			);
			path = DesignSystem;
			sourceTree = "<group>";
		};
		2E1E9F7B27515CB60087006E /* Manager */ = {
			isa = PBXGroup;
			children = (
				69C314B620CFCAED00213861 /* FloatViewManager.swift */,
			);
			path = Manager;
			sourceTree = "<group>";
		};
		2E9017F527513E6D000BAA98 /* FloatingButton */ = {
			isa = PBXGroup;
			children = (
				2E1E9F7B27515CB60087006E /* Manager */,
				2E1E9F7A27515CAC0087006E /* DesignSystem */,
				69C314C520D0EEC100213861 /* Extensions */,
				82990AF227529A95006539F8 /* Views */,
				69C314BE20CFD32300213861 /* TransitionAnimations */,
			);
			path = FloatingButton;
			sourceTree = "<group>";
		};
		2E9017F727513E8A000BAA98 /* TabBar */ = {
			isa = PBXGroup;
			children = (
				69C314B420CFC9F300213861 /* TabBarController.swift */,
			);
			path = TabBar;
			sourceTree = "<group>";
		};
		2EAD94282B2BC26700C68F87 /* Network */ = {
			isa = PBXGroup;
			children = (
				2EAD94472B2C984C00C68F87 /* Model */,
				2EAD94402B2C972000C68F87 /* ViewModel */,
				2EAD943F2B2C971900C68F87 /* View */,
				2EAD94512B2CA1EC00C68F87 /* HTTPProtocol */,
			);
			path = Network;
			sourceTree = "<group>";
		};
		2EAD942D2B2BC28B00C68F87 /* Performance */ = {
			isa = PBXGroup;
			children = (
				2EAD942B2B2BC28700C68F87 /* Performance.Controller.swift */,
			);
			path = Performance;
			sourceTree = "<group>";
		};
		2EAD942E2B2BC2C700C68F87 /* Resources */ = {
			isa = PBXGroup;
			children = (
				2EAD942F2B2BC2D000C68F87 /* Resources.Controller.swift */,
				2EAD94712B2CD63400C68F87 /* Files */,
			);
			path = Resources;
			sourceTree = "<group>";
		};
		2EAD94312B2BC2E100C68F87 /* Interface */ = {
			isa = PBXGroup;
			children = (
				2EAD94322B2BC2EE00C68F87 /* Interface.Controller.swift */,
			);
			path = Interface;
			sourceTree = "<group>";
		};
		2EAD94342B2BC30600C68F87 /* App */ = {
			isa = PBXGroup;
			children = (
				2EAD94352B2BC30C00C68F87 /* App.Controller.swift */,
			);
			path = App;
			sourceTree = "<group>";
		};
		2EAD943F2B2C971900C68F87 /* View */ = {
			isa = PBXGroup;
			children = (
				2EAD94292B2BC27600C68F87 /* Network.Controller.swift */,
				2EAD94392B2BCF7E00C68F87 /* Network.Model.swift */,
				2EAD94372B2BCF1700C68F87 /* Network.Cell.swift */,
				2EAD943B2B2BD9C000C68F87 /* Network.Controller.Detail.swift */,
				2EAD943D2B2BF79E00C68F87 /* Network.Cell.Detail.swift */,
			);
			path = View;
			sourceTree = "<group>";
		};
		2EAD94402B2C972000C68F87 /* ViewModel */ = {
			isa = PBXGroup;
			children = (
				2EAD94412B2C973700C68F87 /* HTTP.Datasource.swift */,
				2EAD94432B2C975900C68F87 /* HTTP.Model.swift */,
				2EAD94452B2C981100C68F87 /* NetworkHelper.swift */,
				2EAD944A2B2C9AA000C68F87 /* Network.ViewModel.swift */,
			);
			path = ViewModel;
			sourceTree = "<group>";
		};
		2EAD94472B2C984C00C68F87 /* Model */ = {
			isa = PBXGroup;
			children = (
				2EAD94482B2C985100C68F87 /* NetworkDetailModel.swift */,
			);
			path = Model;
			sourceTree = "<group>";
		};
		2EAD944C2B2C9FE800C68F87 /* Helpers */ = {
			isa = PBXGroup;
			children = (
				2EAD944D2B2C9FEE00C68F87 /* UIViewController+.swift */,
				2EAD945A2B2CBEF900C68F87 /* Dictionary+.swift */,
				2EAD945C2B2CBF0600C68F87 /* Data+.swift */,
				2EAD945E2B2CBF7700C68F87 /* Date+.swift */,
				2EAD94642B2CC01100C68F87 /* HTTPURLResponse+.swift */,
				2EAD94662B2CC02400C68F87 /* URLCache+.swift */,
				2EAD946A2B2CC04900C68F87 /* Debug.swift */,
				2EAD946C2B2CC05A00C68F87 /* InputStream+.swift */,
				2EAD946F2B2CD1E300C68F87 /* UIImage+.swift */,
				2EAD94742B2CDBAB00C68F87 /* UITableViewCell+.swift */,
				2EAD94762B2CE1BE00C68F87 /* FileManaging.swift */,
				2EAD94782B2CE75A00C68F87 /* Bundle+.swift */,
			);
			path = Helpers;
			sourceTree = "<group>";
		};
		2EAD94512B2CA1EC00C68F87 /* HTTPProtocol */ = {
			isa = PBXGroup;
			children = (
				2EAD94562B2CA4FF00C68F87 /* HTTPProtocol.swift */,
				2EAD946E2B2CC1C400C68F87 /* Helpers */,
			);
			path = HTTPProtocol;
			sourceTree = "<group>";
		};
		2EAD946E2B2CC1C400C68F87 /* Helpers */ = {
			isa = PBXGroup;
			children = (
				2EAD94522B2CA23000C68F87 /* CacheStoragePolicy.swift */,
				2EAD94542B2CA24900C68F87 /* CanonicalRequest.swift */,
				2EAD94582B2CAF1400C68F87 /* ErrorHelper.swift */,
				2EAD94602B2CBFE000C68F87 /* HTTPProtocolDelegate.swift */,
				2EAD94622B2CBFEC00C68F87 /* ThreadOperator.swift */,
				2EAD94682B2CC03200C68F87 /* ApplicationDirectories.swift */,
			);
			path = Helpers;
			sourceTree = "<group>";
		};
		2EAD94712B2CD63400C68F87 /* Files */ = {
			isa = PBXGroup;
			children = (
				2EAD94722B2CD67600C68F87 /* Resources.Files.Controller.swift */,
			);
			path = Files;
			sourceTree = "<group>";
		};
		69C3149420CFC27600213861 = {
			isa = PBXGroup;
			children = (
				69C3149F20CFC27700213861 /* NewCocoaDebug */,
				69C3149E20CFC27700213861 /* Products */,
			);
			sourceTree = "<group>";
		};
		69C3149E20CFC27700213861 /* Products */ = {
			isa = PBXGroup;
			children = (
				69C3149D20CFC27700213861 /* NewCocoaDebug.app */,
			);
			name = Products;
			sourceTree = "<group>";
		};
		69C3149F20CFC27700213861 /* NewCocoaDebug */ = {
			isa = PBXGroup;
			children = (
				2EAD944C2B2C9FE800C68F87 /* Helpers */,
				2EAD94342B2BC30600C68F87 /* App */,
				2EAD94312B2BC2E100C68F87 /* Interface */,
				2EAD942E2B2BC2C700C68F87 /* Resources */,
				2EAD942D2B2BC28B00C68F87 /* Performance */,
				2EAD94282B2BC26700C68F87 /* Network */,
				2E9017F527513E6D000BAA98 /* FloatingButton */,
				2E9017F727513E8A000BAA98 /* TabBar */,
				69C314A220CFC27700213861 /* ViewController.swift */,
				69C314A020CFC27700213861 /* AppDelegate.swift */,
				69C314A720CFC27900213861 /* Assets.xcassets */,
				69C314A920CFC27900213861 /* LaunchScreen.storyboard */,
				69C314AC20CFC27900213861 /* Info.plist */,
			);
			path = NewCocoaDebug;
			sourceTree = "<group>";
		};
		69C314BE20CFD32300213861 /* TransitionAnimations */ = {
			isa = PBXGroup;
			children = (
				69C314BF20CFE05800213861 /* TransitionPush.swift */,
				69C314C120CFE06D00213861 /* TransitionPop.swift */,
			);
			path = TransitionAnimations;
			sourceTree = "<group>";
		};
		69C314C320D0EBED00213861 /* FloatBallView */ = {
			isa = PBXGroup;
			children = (
				69C314C820D22F7900213861 /* FloatBallView.swift */,
			);
			path = FloatBallView;
			sourceTree = "<group>";
		};
		69C314C420D0EC0000213861 /* BottomView */ = {
			isa = PBXGroup;
			children = (
				69C314C620D116CA00213861 /* BottomFloatView.swift */,
			);
			path = BottomView;
			sourceTree = "<group>";
		};
		69C314C520D0EEC100213861 /* Extensions */ = {
			isa = PBXGroup;
			children = (
				69C314B820CFCCEB00213861 /* CurrentTopController.swift */,
				2E1E9F7C27515D430087006E /* UIViewController+Extensions.swift */,
				2E1E9F7E27515D810087006E /* UIColor+Extensions.swift */,
			);
			path = Extensions;
			sourceTree = "<group>";
		};
		82990AF227529A95006539F8 /* Views */ = {
			isa = PBXGroup;
			children = (
				69C314C420D0EC0000213861 /* BottomView */,
				69C314C320D0EBED00213861 /* FloatBallView */,
			);
			path = Views;
			sourceTree = "<group>";
		};
/* End PBXGroup section */

/* Begin PBXNativeTarget section */
		69C3149C20CFC27600213861 /* NewCocoaDebug */ = {
			isa = PBXNativeTarget;
			buildConfigurationList = 69C314AF20CFC27900213861 /* Build configuration list for PBXNativeTarget "NewCocoaDebug" */;
			buildPhases = (
				69C3149920CFC27600213861 /* Sources */,
				69C3149A20CFC27600213861 /* Frameworks */,
				69C3149B20CFC27600213861 /* Resources */,
			);
			buildRules = (
			);
			dependencies = (
			);
			name = NewCocoaDebug;
			productName = NewCocoaDebug;
			productReference = 69C3149D20CFC27700213861 /* NewCocoaDebug.app */;
			productType = "com.apple.product-type.application";
		};
/* End PBXNativeTarget section */

/* Begin PBXProject section */
		69C3149520CFC27600213861 /* Project object */ = {
			isa = PBXProject;
			attributes = {
				BuildIndependentTargetsInParallel = YES;
				LastSwiftUpdateCheck = 0940;
				LastUpgradeCheck = 1510;
				ORGANIZATIONNAME = apple;
				TargetAttributes = {
					69C3149C20CFC27600213861 = {
						CreatedOnToolsVersion = 9.4;
						LastSwiftMigration = 1310;
					};
				};
			};
			buildConfigurationList = 69C3149820CFC27600213861 /* Build configuration list for PBXProject "NewCocoaDebug" */;
			compatibilityVersion = "Xcode 9.3";
			developmentRegion = en;
			hasScannedForEncodings = 0;
			knownRegions = (
				en,
				Base,
			);
			mainGroup = 69C3149420CFC27600213861;
			productRefGroup = 69C3149E20CFC27700213861 /* Products */;
			projectDirPath = "";
			projectRoot = "";
			targets = (
				69C3149C20CFC27600213861 /* NewCocoaDebug */,
			);
		};
/* End PBXProject section */

/* Begin PBXResourcesBuildPhase section */
		69C3149B20CFC27600213861 /* Resources */ = {
			isa = PBXResourcesBuildPhase;
			buildActionMask = 2147483647;
			files = (
				69C314AB20CFC27900213861 /* LaunchScreen.storyboard in Resources */,
				69C314A820CFC27900213861 /* Assets.xcassets in Resources */,
			);
			runOnlyForDeploymentPostprocessing = 0;
		};
/* End PBXResourcesBuildPhase section */

/* Begin PBXSourcesBuildPhase section */
		69C3149920CFC27600213861 /* Sources */ = {
			isa = PBXSourcesBuildPhase;
			buildActionMask = 2147483647;
			files = (
				2EAD94672B2CC02400C68F87 /* URLCache+.swift in Sources */,
				2EAD94492B2C985100C68F87 /* NetworkDetailModel.swift in Sources */,
				2EAD94552B2CA24900C68F87 /* CanonicalRequest.swift in Sources */,
				2EAD94652B2CC01100C68F87 /* HTTPURLResponse+.swift in Sources */,
				69C314C720D116CA00213861 /* BottomFloatView.swift in Sources */,
				69C314A320CFC27700213861 /* ViewController.swift in Sources */,
				2EAD942C2B2BC28700C68F87 /* Performance.Controller.swift in Sources */,
				69C314B520CFC9F300213861 /* TabBarController.swift in Sources */,
				2EAD944E2B2C9FEE00C68F87 /* UIViewController+.swift in Sources */,
				2EAD94302B2BC2D000C68F87 /* Resources.Controller.swift in Sources */,
				69C314C020CFE05800213861 /* TransitionPush.swift in Sources */,
				2EAD945D2B2CBF0600C68F87 /* Data+.swift in Sources */,
				2EAD94532B2CA23000C68F87 /* CacheStoragePolicy.swift in Sources */,
				2EAD94752B2CDBAB00C68F87 /* UITableViewCell+.swift in Sources */,
				69C314B720CFCAED00213861 /* FloatViewManager.swift in Sources */,
				2EAD94362B2BC30C00C68F87 /* App.Controller.swift in Sources */,
				2EAD94702B2CD1E300C68F87 /* UIImage+.swift in Sources */,
				2EAD94382B2BCF1700C68F87 /* Network.Cell.swift in Sources */,
				2EAD946D2B2CC05A00C68F87 /* InputStream+.swift in Sources */,
				2EAD945B2B2CBEF900C68F87 /* Dictionary+.swift in Sources */,
				2EAD94772B2CE1BE00C68F87 /* FileManaging.swift in Sources */,
				69C314B920CFCCEB00213861 /* CurrentTopController.swift in Sources */,
				2EAD94332B2BC2EE00C68F87 /* Interface.Controller.swift in Sources */,
				2EAD94792B2CE75A00C68F87 /* Bundle+.swift in Sources */,
				2E1E9F7D27515D430087006E /* UIViewController+Extensions.swift in Sources */,
				2E1E9F7F27515D810087006E /* UIColor+Extensions.swift in Sources */,
				2EAD946B2B2CC04900C68F87 /* Debug.swift in Sources */,
				2EAD94692B2CC03200C68F87 /* ApplicationDirectories.swift in Sources */,
				69C314C920D22F7900213861 /* FloatBallView.swift in Sources */,
				2EAD94422B2C973700C68F87 /* HTTP.Datasource.swift in Sources */,
				69C314A120CFC27700213861 /* AppDelegate.swift in Sources */,
				2EAD94462B2C981100C68F87 /* NetworkHelper.swift in Sources */,
				2EAD94632B2CBFEC00C68F87 /* ThreadOperator.swift in Sources */,
				2EAD94442B2C975900C68F87 /* HTTP.Model.swift in Sources */,
				2EAD94592B2CAF1400C68F87 /* ErrorHelper.swift in Sources */,
				2EAD945F2B2CBF7700C68F87 /* Date+.swift in Sources */,
				2EAD943E2B2BF79E00C68F87 /* Network.Cell.Detail.swift in Sources */,
				2EAD943A2B2BCF7E00C68F87 /* Network.Model.swift in Sources */,
				2EAD94732B2CD67600C68F87 /* Resources.Files.Controller.swift in Sources */,
				2EAD94612B2CBFE000C68F87 /* HTTPProtocolDelegate.swift in Sources */,
				69C314BD20CFD28D00213861 /* FloatChat+DesignSystem.swift in Sources */,
				69C314C220CFE06D00213861 /* TransitionPop.swift in Sources */,
				2EAD942A2B2BC27600C68F87 /* Network.Controller.swift in Sources */,
				2EAD944B2B2C9AA000C68F87 /* Network.ViewModel.swift in Sources */,
				2EAD94572B2CA4FF00C68F87 /* HTTPProtocol.swift in Sources */,
				2EAD943C2B2BD9C000C68F87 /* Network.Controller.Detail.swift in Sources */,
			);
			runOnlyForDeploymentPostprocessing = 0;
		};
/* End PBXSourcesBuildPhase section */

/* Begin PBXVariantGroup section */
		69C314A920CFC27900213861 /* LaunchScreen.storyboard */ = {
			isa = PBXVariantGroup;
			children = (
				69C314AA20CFC27900213861 /* Base */,
			);
			name = LaunchScreen.storyboard;
			sourceTree = "<group>";
		};
/* End PBXVariantGroup section */

/* Begin XCBuildConfiguration section */
		69C314AD20CFC27900213861 /* Debug */ = {
			isa = XCBuildConfiguration;
			buildSettings = {
				ALWAYS_SEARCH_USER_PATHS = NO;
				CLANG_ANALYZER_NONNULL = YES;
				CLANG_ANALYZER_NUMBER_OBJECT_CONVERSION = YES_AGGRESSIVE;
				CLANG_CXX_LANGUAGE_STANDARD = "gnu++14";
				CLANG_CXX_LIBRARY = "libc++";
				CLANG_ENABLE_MODULES = YES;
				CLANG_ENABLE_OBJC_ARC = YES;
				CLANG_ENABLE_OBJC_WEAK = YES;
				CLANG_WARN_BLOCK_CAPTURE_AUTORELEASING = YES;
				CLANG_WARN_BOOL_CONVERSION = YES;
				CLANG_WARN_COMMA = YES;
				CLANG_WARN_CONSTANT_CONVERSION = YES;
				CLANG_WARN_DEPRECATED_OBJC_IMPLEMENTATIONS = YES;
				CLANG_WARN_DIRECT_OBJC_ISA_USAGE = YES_ERROR;
				CLANG_WARN_DOCUMENTATION_COMMENTS = YES;
				CLANG_WARN_EMPTY_BODY = YES;
				CLANG_WARN_ENUM_CONVERSION = YES;
				CLANG_WARN_INFINITE_RECURSION = YES;
				CLANG_WARN_INT_CONVERSION = YES;
				CLANG_WARN_NON_LITERAL_NULL_CONVERSION = YES;
				CLANG_WARN_OBJC_IMPLICIT_RETAIN_SELF = YES;
				CLANG_WARN_OBJC_LITERAL_CONVERSION = YES;
				CLANG_WARN_OBJC_ROOT_CLASS = YES_ERROR;
				CLANG_WARN_QUOTED_INCLUDE_IN_FRAMEWORK_HEADER = YES;
				CLANG_WARN_RANGE_LOOP_ANALYSIS = YES;
				CLANG_WARN_STRICT_PROTOTYPES = YES;
				CLANG_WARN_SUSPICIOUS_MOVE = YES;
				CLANG_WARN_UNGUARDED_AVAILABILITY = YES_AGGRESSIVE;
				CLANG_WARN_UNREACHABLE_CODE = YES;
				CLANG_WARN__DUPLICATE_METHOD_MATCH = YES;
				CODE_SIGN_IDENTITY = "iPhone Developer";
				COPY_PHASE_STRIP = NO;
				DEBUG_INFORMATION_FORMAT = dwarf;
				ENABLE_STRICT_OBJC_MSGSEND = YES;
				ENABLE_TESTABILITY = YES;
				ENABLE_USER_SCRIPT_SANDBOXING = YES;
				GCC_C_LANGUAGE_STANDARD = gnu11;
				GCC_DYNAMIC_NO_PIC = NO;
				GCC_NO_COMMON_BLOCKS = YES;
				GCC_OPTIMIZATION_LEVEL = 0;
				GCC_PREPROCESSOR_DEFINITIONS = (
					"DEBUG=1",
					"$(inherited)",
				);
				GCC_WARN_64_TO_32_BIT_CONVERSION = YES;
				GCC_WARN_ABOUT_RETURN_TYPE = YES_ERROR;
				GCC_WARN_UNDECLARED_SELECTOR = YES;
				GCC_WARN_UNINITIALIZED_AUTOS = YES_AGGRESSIVE;
				GCC_WARN_UNUSED_FUNCTION = YES;
				GCC_WARN_UNUSED_VARIABLE = YES;
				IPHONEOS_DEPLOYMENT_TARGET = 12.0;
				MTL_ENABLE_DEBUG_INFO = YES;
				ONLY_ACTIVE_ARCH = YES;
				SDKROOT = iphoneos;
				SWIFT_ACTIVE_COMPILATION_CONDITIONS = DEBUG;
				SWIFT_OPTIMIZATION_LEVEL = "-Onone";
			};
			name = Debug;
		};
		69C314AE20CFC27900213861 /* Release */ = {
			isa = XCBuildConfiguration;
			buildSettings = {
				ALWAYS_SEARCH_USER_PATHS = NO;
				CLANG_ANALYZER_NONNULL = YES;
				CLANG_ANALYZER_NUMBER_OBJECT_CONVERSION = YES_AGGRESSIVE;
				CLANG_CXX_LANGUAGE_STANDARD = "gnu++14";
				CLANG_CXX_LIBRARY = "libc++";
				CLANG_ENABLE_MODULES = YES;
				CLANG_ENABLE_OBJC_ARC = YES;
				CLANG_ENABLE_OBJC_WEAK = YES;
				CLANG_WARN_BLOCK_CAPTURE_AUTORELEASING = YES;
				CLANG_WARN_BOOL_CONVERSION = YES;
				CLANG_WARN_COMMA = YES;
				CLANG_WARN_CONSTANT_CONVERSION = YES;
				CLANG_WARN_DEPRECATED_OBJC_IMPLEMENTATIONS = YES;
				CLANG_WARN_DIRECT_OBJC_ISA_USAGE = YES_ERROR;
				CLANG_WARN_DOCUMENTATION_COMMENTS = YES;
				CLANG_WARN_EMPTY_BODY = YES;
				CLANG_WARN_ENUM_CONVERSION = YES;
				CLANG_WARN_INFINITE_RECURSION = YES;
				CLANG_WARN_INT_CONVERSION = YES;
				CLANG_WARN_NON_LITERAL_NULL_CONVERSION = YES;
				CLANG_WARN_OBJC_IMPLICIT_RETAIN_SELF = YES;
				CLANG_WARN_OBJC_LITERAL_CONVERSION = YES;
				CLANG_WARN_OBJC_ROOT_CLASS = YES_ERROR;
				CLANG_WARN_QUOTED_INCLUDE_IN_FRAMEWORK_HEADER = YES;
				CLANG_WARN_RANGE_LOOP_ANALYSIS = YES;
				CLANG_WARN_STRICT_PROTOTYPES = YES;
				CLANG_WARN_SUSPICIOUS_MOVE = YES;
				CLANG_WARN_UNGUARDED_AVAILABILITY = YES_AGGRESSIVE;
				CLANG_WARN_UNREACHABLE_CODE = YES;
				CLANG_WARN__DUPLICATE_METHOD_MATCH = YES;
				CODE_SIGN_IDENTITY = "iPhone Developer";
				COPY_PHASE_STRIP = NO;
				DEBUG_INFORMATION_FORMAT = "dwarf-with-dsym";
				ENABLE_NS_ASSERTIONS = NO;
				ENABLE_STRICT_OBJC_MSGSEND = YES;
				ENABLE_USER_SCRIPT_SANDBOXING = YES;
				GCC_C_LANGUAGE_STANDARD = gnu11;
				GCC_NO_COMMON_BLOCKS = YES;
				GCC_WARN_64_TO_32_BIT_CONVERSION = YES;
				GCC_WARN_ABOUT_RETURN_TYPE = YES_ERROR;
				GCC_WARN_UNDECLARED_SELECTOR = YES;
				GCC_WARN_UNINITIALIZED_AUTOS = YES_AGGRESSIVE;
				GCC_WARN_UNUSED_FUNCTION = YES;
				GCC_WARN_UNUSED_VARIABLE = YES;
				IPHONEOS_DEPLOYMENT_TARGET = 12.0;
				MTL_ENABLE_DEBUG_INFO = NO;
				SDKROOT = iphoneos;
				SWIFT_COMPILATION_MODE = wholemodule;
				SWIFT_OPTIMIZATION_LEVEL = "-O";
				VALIDATE_PRODUCT = YES;
			};
			name = Release;
		};
		69C314B020CFC27900213861 /* Debug */ = {
			isa = XCBuildConfiguration;
			buildSettings = {
				ASSETCATALOG_COMPILER_APPICON_NAME = AppIcon;
				CODE_SIGN_STYLE = Automatic;
				DEVELOPMENT_TEAM = 9424788LV8;
				INFOPLIST_FILE = NewCocoaDebug/Info.plist;
				IPHONEOS_DEPLOYMENT_TARGET = 12;
				LD_RUNPATH_SEARCH_PATHS = (
					"$(inherited)",
					"@executable_path/Frameworks",
				);
				PRODUCT_BUNDLE_IDENTIFIER = com.ta.NewCocoaDebug;
				PRODUCT_NAME = "$(TARGET_NAME)";
				SWIFT_VERSION = 5.0;
				TARGETED_DEVICE_FAMILY = "1,2";
			};
			name = Debug;
		};
		69C314B120CFC27900213861 /* Release */ = {
			isa = XCBuildConfiguration;
			buildSettings = {
				ASSETCATALOG_COMPILER_APPICON_NAME = AppIcon;
				CODE_SIGN_STYLE = Automatic;
				DEVELOPMENT_TEAM = 9424788LV8;
				INFOPLIST_FILE = NewCocoaDebug/Info.plist;
				IPHONEOS_DEPLOYMENT_TARGET = 12;
				LD_RUNPATH_SEARCH_PATHS = (
					"$(inherited)",
					"@executable_path/Frameworks",
				);
				PRODUCT_BUNDLE_IDENTIFIER = com.ta.NewCocoaDebug;
				PRODUCT_NAME = "$(TARGET_NAME)";
				SWIFT_VERSION = 5.0;
				TARGETED_DEVICE_FAMILY = "1,2";
			};
			name = Release;
		};
/* End XCBuildConfiguration section */

/* Begin XCConfigurationList section */
		69C3149820CFC27600213861 /* Build configuration list for PBXProject "NewCocoaDebug" */ = {
			isa = XCConfigurationList;
			buildConfigurations = (
				69C314AD20CFC27900213861 /* Debug */,
				69C314AE20CFC27900213861 /* Release */,
			);
			defaultConfigurationIsVisible = 0;
			defaultConfigurationName = Release;
		};
		69C314AF20CFC27900213861 /* Build configuration list for PBXNativeTarget "NewCocoaDebug" */ = {
			isa = XCConfigurationList;
			buildConfigurations = (
				69C314B020CFC27900213861 /* Debug */,
				69C314B120CFC27900213861 /* Release */,
			);
			defaultConfigurationIsVisible = 0;
			defaultConfigurationName = Release;
		};
/* End XCConfigurationList section */
	};
	rootObject = 69C3149520CFC27600213861 /* Project object */;
}
